
Microsoft Visual Studio Solution File, Format Version 12.00
Project("{2150E333-8FDC-42A3-9474-1A3956D46DE8}") = "src", "src", "{9CD5100C-46FF-4B8A-8FA3-FB38F68A29DB}"
EndProject
Project("{2150E333-8FDC-42A3-9474-1A3956D46DE8}") = "API", "API", "{C806F264-4735-4B86-997C-D8E729324147}"
EndProject
Project("{FAE04EC0-301F-11D3-BF4B-00C04F79EFBC}") = "API", "API\API.csproj", "{9368020D-D055-41EA-880D-81F874AE8B02}"
EndProject
Project("{2150E333-8FDC-42A3-9474-1A3956D46DE8}") = "Modules", "Modules", "{A6E9B3CD-4FA8-4ABF-9FAE-6D41460F8D5D}"
EndProject
Project("{2150E333-8FDC-42A3-9474-1A3956D46DE8}") = "Shared", "Shared", "{712B51BA-8C40-4DED-85AB-94EFFDA527AB}"
EndProject
Project("{2150E333-8FDC-42A3-9474-1A3956D46DE8}") = "Tests", "Tests", "{52C786B2-9BB9-44A0-91FD-2CAE9C9E1109}"
EndProject
Project("{FAE04EC0-301F-11D3-BF4B-00C04F79EFBC}") = "IntegrationTests", "IntegrationTests\IntegrationTests.csproj", "{D4A91EFB-D1CB-4EF4-A068-9638BCA6DEE9}"
EndProject
Project("{2150E333-8FDC-42A3-9474-1A3956D46DE8}") = "Auth", "Auth", "{EB2C9FD0-5C72-40F1-9E08-5228C48AC456}"
EndProject
Project("{2150E333-8FDC-42A3-9474-1A3956D46DE8}") = "Pharma", "Pharma", "{544A1654-E757-4058-B7AB-FCEF5A267553}"
EndProject
Project("{2150E333-8FDC-42A3-9474-1A3956D46DE8}") = "Docs", "Docs", "{A23C3541-ADA5-4780-8AB0-3DAF9B15F4AF}"
EndProject
Project("{2150E333-8FDC-42A3-9474-1A3956D46DE8}") = "MentalHealthTools", "MentalHealthTools", "{34271783-6314-4A1E-8AD7-927D4DCB3358}"
EndProject
Project("{2150E333-8FDC-42A3-9474-1A3956D46DE8}") = "Business", "Business", "{FD5FC4AB-4CA5-4AC8-B671-7F39E82174FC}"
EndProject
Project("{2150E333-8FDC-42A3-9474-1A3956D46DE8}") = "Data", "Data", "{80EA9EA4-69AF-4273-9C77-FAE22D0316B5}"
EndProject
Project("{2150E333-8FDC-42A3-9474-1A3956D46DE8}") = "Persistence", "Persistence", "{1786C776-BD09-4C8B-AAA6-BA07163A1C81}"
EndProject
Project("{FAE04EC0-301F-11D3-BF4B-00C04F79EFBC}") = "Phoenix.Shared.Persistence", "Phoenix.Shared.Persistence\Phoenix.Shared.Persistence.csproj", "{5D3D90C9-5364-4D3A-AAF7-1DF3C6A7BC3F}"
EndProject
Project("{FAE04EC0-301F-11D3-BF4B-00C04F79EFBC}") = "Phoenix.Modules.Auth.Data", "Phoenix.Modules.Auth.Data\Phoenix.Modules.Auth.Data.csproj", "{7DE02CE2-6746-49CB-AE45-EA47E373F2FE}"
EndProject
Project("{FAE04EC0-301F-11D3-BF4B-00C04F79EFBC}") = "Phoenix.Modules.Auth.Business", "Phoenix.Modules.Auth.Business\Phoenix.Modules.Auth.Business.csproj", "{382A7A10-BCAB-4388-A530-01D0F9783F15}"
EndProject
Project("{FAE04EC0-301F-11D3-BF4B-00C04F79EFBC}") = "Phoenix.Shared.Business", "Phoenix.Shared.Business\Phoenix.Shared.Business.csproj", "{22C7662E-A1EA-4BE2-9EDA-FCC643C05253}"
EndProject
Project("{2150E333-8FDC-42A3-9474-1A3956D46DE8}") = "Business", "Business", "{7CCE2581-A734-4303-A579-157F90854D2E}"
EndProject
Project("{2150E333-8FDC-42A3-9474-1A3956D46DE8}") = "Data", "Data", "{C24E909C-F896-4E46-8170-A2E873796810}"
EndProject
Project("{2150E333-8FDC-42A3-9474-1A3956D46DE8}") = "Business", "Business", "{AA5B782B-D834-442C-839F-8DE17563FD8A}"
EndProject
Project("{2150E333-8FDC-42A3-9474-1A3956D46DE8}") = "Data", "Data", "{CD2095EE-C271-4123-83B2-8278C707299D}"
EndProject
Project("{FAE04EC0-301F-11D3-BF4B-00C04F79EFBC}") = "Phoenix.Modules.MentalHealthTools.Business", "Phoenix.Modules.MentalHealthTools.Business\Phoenix.Modules.MentalHealthTools.Business.csproj", "{0671913E-5560-42DF-B36F-212EB7E46334}"
EndProject
Project("{FAE04EC0-301F-11D3-BF4B-00C04F79EFBC}") = "Phoenix.Modules.MentalHealthTools.Data", "Phoenix.Modules.MentalHealthTools.Data\Phoenix.Modules.MentalHealthTools.Data.csproj", "{76225074-5CDC-473B-B003-9FB8D0AA1B9D}"
EndProject
Project("{FAE04EC0-301F-11D3-BF4B-00C04F79EFBC}") = "Phoenix.Modules.Docs.Business", "Phoenix.Modules.Docs.Business\Phoenix.Modules.Docs.Business.csproj", "{0ACF32E9-9526-4783-A588-F71572F21F17}"
EndProject
Project("{FAE04EC0-301F-11D3-BF4B-00C04F79EFBC}") = "Phoenix.Modules.Docs.Data", "Phoenix.Modules.Docs.Data\Phoenix.Modules.Docs.Data.csproj", "{F35BDD76-A76C-4D23-BA34-F5343FC25167}"
EndProject
Project("{2150E333-8FDC-42A3-9474-1A3956D46DE8}") = "Business", "Business", "{A087525A-989E-4C28-858B-2706AC4FE781}"
EndProject
Project("{2150E333-8FDC-42A3-9474-1A3956D46DE8}") = "Data", "Data", "{7D5E1E2C-FA78-411A-B699-17CB0022C11F}"
EndProject
Project("{FAE04EC0-301F-11D3-BF4B-00C04F79EFBC}") = "Phoenix.Modules.Pharma.Business", "Phoenix.Modules.Pharma.Business\Phoenix.Modules.Pharma.Business.csproj", "{43739D37-FC61-43EC-90C9-2D4F6624A45E}"
EndProject
Project("{FAE04EC0-301F-11D3-BF4B-00C04F79EFBC}") = "Phoenix.Modules.Pharma.Data", "Phoenix.Modules.Pharma.Data\Phoenix.Modules.Pharma.Data.csproj", "{0AADC6DB-DD59-4144-9B6B-7D7386C0786A}"
EndProject
Project("{2150E333-8FDC-42A3-9474-1A3956D46DE8}") = "Tests", "Tests", "{9DCCDBA8-C7D2-4903-93DF-4433BF9EE78A}"
EndProject
Project("{FAE04EC0-301F-11D3-BF4B-00C04F79EFBC}") = "Phoenix.Modules.Auth.Tests", "Phoenix.Modules.Auth.Tests\Phoenix.Modules.Auth.Tests.csproj", "{9CEEC456-F1EE-4799-A225-ED68BA6637E5}"
EndProject
Project("{2150E333-8FDC-42A3-9474-1A3956D46DE8}") = "Tests", "Tests", "{ECD676FB-9383-4B4C-981A-8E9BCF92C485}"
EndProject
Project("{FAE04EC0-301F-11D3-BF4B-00C04F79EFBC}") = "Phoenix.Modules.Docs.Tests", "Phoenix.Modules.Docs.Tests\Phoenix.Modules.Docs.Tests.csproj", "{5CD0BB82-3892-426D-83DB-8BF8DC061586}"
EndProject
Project("{2150E333-8FDC-42A3-9474-1A3956D46DE8}") = "Tests", "Tests", "{E6FFBA33-6F8C-40BA-B75F-818D157B8F37}"
EndProject
Project("{FAE04EC0-301F-11D3-BF4B-00C04F79EFBC}") = "Phoenix.Modules.MentalHealthTools.Tests", "Phoenix.Modules.MentalHealthTools.Tests\Phoenix.Modules.MentalHealthTools.Tests.csproj", "{BAFFB729-D362-4FAC-B064-B7679BB5CC2A}"
EndProject
Project("{2150E333-8FDC-42A3-9474-1A3956D46DE8}") = "Tests", "Tests", "{9C12300B-6998-42B0-A8AB-253B781E8E43}"
EndProject
Project("{FAE04EC0-301F-11D3-BF4B-00C04F79EFBC}") = "Phoenix.Modules.Pharma.Tests", "Phoenix.Modules.Pharma.Tests\Phoenix.Modules.Pharma.Tests.csproj", "{28D5932A-36D2-4CD0-AACF-C8CCCB8D70E2}"
EndProject
Global
	GlobalSection(SolutionConfigurationPlatforms) = preSolution
		Debug|Any CPU = Debug|Any CPU
		Release|Any CPU = Release|Any CPU
	EndGlobalSection
	GlobalSection(NestedProjects) = preSolution
		{C806F264-4735-4B86-997C-D8E729324147} = {9CD5100C-46FF-4B8A-8FA3-FB38F68A29DB}
		{9368020D-D055-41EA-880D-81F874AE8B02} = {C806F264-4735-4B86-997C-D8E729324147}
		{A6E9B3CD-4FA8-4ABF-9FAE-6D41460F8D5D} = {9CD5100C-46FF-4B8A-8FA3-FB38F68A29DB}
		{712B51BA-8C40-4DED-85AB-94EFFDA527AB} = {9CD5100C-46FF-4B8A-8FA3-FB38F68A29DB}
		{52C786B2-9BB9-44A0-91FD-2CAE9C9E1109} = {9CD5100C-46FF-4B8A-8FA3-FB38F68A29DB}
		{D4A91EFB-D1CB-4EF4-A068-9638BCA6DEE9} = {52C786B2-9BB9-44A0-91FD-2CAE9C9E1109}
		{EB2C9FD0-5C72-40F1-9E08-5228C48AC456} = {A6E9B3CD-4FA8-4ABF-9FAE-6D41460F8D5D}
		{544A1654-E757-4058-B7AB-FCEF5A267553} = {A6E9B3CD-4FA8-4ABF-9FAE-6D41460F8D5D}
		{A23C3541-ADA5-4780-8AB0-3DAF9B15F4AF} = {A6E9B3CD-4FA8-4ABF-9FAE-6D41460F8D5D}
		{34271783-6314-4A1E-8AD7-927D4DCB3358} = {A6E9B3CD-4FA8-4ABF-9FAE-6D41460F8D5D}
		{FD5FC4AB-4CA5-4AC8-B671-7F39E82174FC} = {EB2C9FD0-5C72-40F1-9E08-5228C48AC456}
		{80EA9EA4-69AF-4273-9C77-FAE22D0316B5} = {EB2C9FD0-5C72-40F1-9E08-5228C48AC456}
		{1786C776-BD09-4C8B-AAA6-BA07163A1C81} = {712B51BA-8C40-4DED-85AB-94EFFDA527AB}
		{5D3D90C9-5364-4D3A-AAF7-1DF3C6A7BC3F} = {1786C776-BD09-4C8B-AAA6-BA07163A1C81}
		{7DE02CE2-6746-49CB-AE45-EA47E373F2FE} = {80EA9EA4-69AF-4273-9C77-FAE22D0316B5}
		{382A7A10-BCAB-4388-A530-01D0F9783F15} = {FD5FC4AB-4CA5-4AC8-B671-7F39E82174FC}
		{22C7662E-A1EA-4BE2-9EDA-FCC643C05253} = {712B51BA-8C40-4DED-85AB-94EFFDA527AB}
		{7CCE2581-A734-4303-A579-157F90854D2E} = {A23C3541-ADA5-4780-8AB0-3DAF9B15F4AF}
		{C24E909C-F896-4E46-8170-A2E873796810} = {A23C3541-ADA5-4780-8AB0-3DAF9B15F4AF}
		{AA5B782B-D834-442C-839F-8DE17563FD8A} = {34271783-6314-4A1E-8AD7-927D4DCB3358}
		{CD2095EE-C271-4123-83B2-8278C707299D} = {34271783-6314-4A1E-8AD7-927D4DCB3358}
		{0671913E-5560-42DF-B36F-212EB7E46334} = {AA5B782B-D834-442C-839F-8DE17563FD8A}
		{76225074-5CDC-473B-B003-9FB8D0AA1B9D} = {CD2095EE-C271-4123-83B2-8278C707299D}
		{0ACF32E9-9526-4783-A588-F71572F21F17} = {7CCE2581-A734-4303-A579-157F90854D2E}
		{F35BDD76-A76C-4D23-BA34-F5343FC25167} = {C24E909C-F896-4E46-8170-A2E873796810}
		{A087525A-989E-4C28-858B-2706AC4FE781} = {544A1654-E757-4058-B7AB-FCEF5A267553}
		{7D5E1E2C-FA78-411A-B699-17CB0022C11F} = {544A1654-E757-4058-B7AB-FCEF5A267553}
		{43739D37-FC61-43EC-90C9-2D4F6624A45E} = {A087525A-989E-4C28-858B-2706AC4FE781}
		{0AADC6DB-DD59-4144-9B6B-7D7386C0786A} = {7D5E1E2C-FA78-411A-B699-17CB0022C11F}
		{9DCCDBA8-C7D2-4903-93DF-4433BF9EE78A} = {EB2C9FD0-5C72-40F1-9E08-5228C48AC456}
		{9CEEC456-F1EE-4799-A225-ED68BA6637E5} = {9DCCDBA8-C7D2-4903-93DF-4433BF9EE78A}
		{ECD676FB-9383-4B4C-981A-8E9BCF92C485} = {A23C3541-ADA5-4780-8AB0-3DAF9B15F4AF}
		{5CD0BB82-3892-426D-83DB-8BF8DC061586} = {ECD676FB-9383-4B4C-981A-8E9BCF92C485}
		{E6FFBA33-6F8C-40BA-B75F-818D157B8F37} = {34271783-6314-4A1E-8AD7-927D4DCB3358}
		{BAFFB729-D362-4FAC-B064-B7679BB5CC2A} = {E6FFBA33-6F8C-40BA-B75F-818D157B8F37}
		{9C12300B-6998-42B0-A8AB-253B781E8E43} = {544A1654-E757-4058-B7AB-FCEF5A267553}
		{28D5932A-36D2-4CD0-AACF-C8CCCB8D70E2} = {9C12300B-6998-42B0-A8AB-253B781E8E43}
	EndGlobalSection
	GlobalSection(ProjectConfigurationPlatforms) = postSolution
		{9368020D-D055-41EA-880D-81F874AE8B02}.Debug|Any CPU.ActiveCfg = Debug|Any CPU
		{9368020D-D055-41EA-880D-81F874AE8B02}.Debug|Any CPU.Build.0 = Debug|Any CPU
		{9368020D-D055-41EA-880D-81F874AE8B02}.Release|Any CPU.ActiveCfg = Release|Any CPU
		{9368020D-D055-41EA-880D-81F874AE8B02}.Release|Any CPU.Build.0 = Release|Any CPU
		{D4A91EFB-D1CB-4EF4-A068-9638BCA6DEE9}.Debug|Any CPU.ActiveCfg = Debug|Any CPU
		{D4A91EFB-D1CB-4EF4-A068-9638BCA6DEE9}.Debug|Any CPU.Build.0 = Debug|Any CPU
		{D4A91EFB-D1CB-4EF4-A068-9638BCA6DEE9}.Release|Any CPU.ActiveCfg = Release|Any CPU
		{D4A91EFB-D1CB-4EF4-A068-9638BCA6DEE9}.Release|Any CPU.Build.0 = Release|Any CPU
		{5D3D90C9-5364-4D3A-AAF7-1DF3C6A7BC3F}.Debug|Any CPU.ActiveCfg = Debug|Any CPU
		{5D3D90C9-5364-4D3A-AAF7-1DF3C6A7BC3F}.Debug|Any CPU.Build.0 = Debug|Any CPU
		{5D3D90C9-5364-4D3A-AAF7-1DF3C6A7BC3F}.Release|Any CPU.ActiveCfg = Release|Any CPU
		{5D3D90C9-5364-4D3A-AAF7-1DF3C6A7BC3F}.Release|Any CPU.Build.0 = Release|Any CPU
		{7DE02CE2-6746-49CB-AE45-EA47E373F2FE}.Debug|Any CPU.ActiveCfg = Debug|Any CPU
		{7DE02CE2-6746-49CB-AE45-EA47E373F2FE}.Debug|Any CPU.Build.0 = Debug|Any CPU
		{7DE02CE2-6746-49CB-AE45-EA47E373F2FE}.Release|Any CPU.ActiveCfg = Release|Any CPU
		{7DE02CE2-6746-49CB-AE45-EA47E373F2FE}.Release|Any CPU.Build.0 = Release|Any CPU
		{382A7A10-BCAB-4388-A530-01D0F9783F15}.Debug|Any CPU.ActiveCfg = Debug|Any CPU
		{382A7A10-BCAB-4388-A530-01D0F9783F15}.Debug|Any CPU.Build.0 = Debug|Any CPU
		{382A7A10-BCAB-4388-A530-01D0F9783F15}.Release|Any CPU.ActiveCfg = Release|Any CPU
		{382A7A10-BCAB-4388-A530-01D0F9783F15}.Release|Any CPU.Build.0 = Release|Any CPU
		{22C7662E-A1EA-4BE2-9EDA-FCC643C05253}.Debug|Any CPU.ActiveCfg = Debug|Any CPU
		{22C7662E-A1EA-4BE2-9EDA-FCC643C05253}.Debug|Any CPU.Build.0 = Debug|Any CPU
		{22C7662E-A1EA-4BE2-9EDA-FCC643C05253}.Release|Any CPU.ActiveCfg = Release|Any CPU
		{22C7662E-A1EA-4BE2-9EDA-FCC643C05253}.Release|Any CPU.Build.0 = Release|Any CPU
		{0671913E-5560-42DF-B36F-212EB7E46334}.Debug|Any CPU.ActiveCfg = Debug|Any CPU
		{0671913E-5560-42DF-B36F-212EB7E46334}.Debug|Any CPU.Build.0 = Debug|Any CPU
		{0671913E-5560-42DF-B36F-212EB7E46334}.Release|Any CPU.ActiveCfg = Release|Any CPU
		{0671913E-5560-42DF-B36F-212EB7E46334}.Release|Any CPU.Build.0 = Release|Any CPU
		{76225074-5CDC-473B-B003-9FB8D0AA1B9D}.Debug|Any CPU.ActiveCfg = Debug|Any CPU
		{76225074-5CDC-473B-B003-9FB8D0AA1B9D}.Debug|Any CPU.Build.0 = Debug|Any CPU
		{76225074-5CDC-473B-B003-9FB8D0AA1B9D}.Release|Any CPU.ActiveCfg = Release|Any CPU
		{76225074-5CDC-473B-B003-9FB8D0AA1B9D}.Release|Any CPU.Build.0 = Release|Any CPU
		{0ACF32E9-9526-4783-A588-F71572F21F17}.Debug|Any CPU.ActiveCfg = Debug|Any CPU
		{0ACF32E9-9526-4783-A588-F71572F21F17}.Debug|Any CPU.Build.0 = Debug|Any CPU
		{0ACF32E9-9526-4783-A588-F71572F21F17}.Release|Any CPU.ActiveCfg = Release|Any CPU
		{0ACF32E9-9526-4783-A588-F71572F21F17}.Release|Any CPU.Build.0 = Release|Any CPU
		{F35BDD76-A76C-4D23-BA34-F5343FC25167}.Debug|Any CPU.ActiveCfg = Debug|Any CPU
		{F35BDD76-A76C-4D23-BA34-F5343FC25167}.Debug|Any CPU.Build.0 = Debug|Any CPU
		{F35BDD76-A76C-4D23-BA34-F5343FC25167}.Release|Any CPU.ActiveCfg = Release|Any CPU
		{F35BDD76-A76C-4D23-BA34-F5343FC25167}.Release|Any CPU.Build.0 = Release|Any CPU
		{43739D37-FC61-43EC-90C9-2D4F6624A45E}.Debug|Any CPU.ActiveCfg = Debug|Any CPU
		{43739D37-FC61-43EC-90C9-2D4F6624A45E}.Debug|Any CPU.Build.0 = Debug|Any CPU
		{43739D37-FC61-43EC-90C9-2D4F6624A45E}.Release|Any CPU.ActiveCfg = Release|Any CPU
		{43739D37-FC61-43EC-90C9-2D4F6624A45E}.Release|Any CPU.Build.0 = Release|Any CPU
		{0AADC6DB-DD59-4144-9B6B-7D7386C0786A}.Debug|Any CPU.ActiveCfg = Debug|Any CPU
		{0AADC6DB-DD59-4144-9B6B-7D7386C0786A}.Debug|Any CPU.Build.0 = Debug|Any CPU
		{0AADC6DB-DD59-4144-9B6B-7D7386C0786A}.Release|Any CPU.ActiveCfg = Release|Any CPU
		{0AADC6DB-DD59-4144-9B6B-7D7386C0786A}.Release|Any CPU.Build.0 = Release|Any CPU
		{9CEEC456-F1EE-4799-A225-ED68BA6637E5}.Debug|Any CPU.ActiveCfg = Debug|Any CPU
		{9CEEC456-F1EE-4799-A225-ED68BA6637E5}.Debug|Any CPU.Build.0 = Debug|Any CPU
		{9CEEC456-F1EE-4799-A225-ED68BA6637E5}.Release|Any CPU.ActiveCfg = Release|Any CPU
		{9CEEC456-F1EE-4799-A225-ED68BA6637E5}.Release|Any CPU.Build.0 = Release|Any CPU
		{5CD0BB82-3892-426D-83DB-8BF8DC061586}.Debug|Any CPU.ActiveCfg = Debug|Any CPU
		{5CD0BB82-3892-426D-83DB-8BF8DC061586}.Debug|Any CPU.Build.0 = Debug|Any CPU
		{5CD0BB82-3892-426D-83DB-8BF8DC061586}.Release|Any CPU.ActiveCfg = Release|Any CPU
		{5CD0BB82-3892-426D-83DB-8BF8DC061586}.Release|Any CPU.Build.0 = Release|Any CPU
		{BAFFB729-D362-4FAC-B064-B7679BB5CC2A}.Debug|Any CPU.ActiveCfg = Debug|Any CPU
		{BAFFB729-D362-4FAC-B064-B7679BB5CC2A}.Debug|Any CPU.Build.0 = Debug|Any CPU
		{BAFFB729-D362-4FAC-B064-B7679BB5CC2A}.Release|Any CPU.ActiveCfg = Release|Any CPU
		{BAFFB729-D362-4FAC-B064-B7679BB5CC2A}.Release|Any CPU.Build.0 = Release|Any CPU
		{28D5932A-36D2-4CD0-AACF-C8CCCB8D70E2}.Debug|Any CPU.ActiveCfg = Debug|Any CPU
		{28D5932A-36D2-4CD0-AACF-C8CCCB8D70E2}.Debug|Any CPU.Build.0 = Debug|Any CPU
		{28D5932A-36D2-4CD0-AACF-C8CCCB8D70E2}.Release|Any CPU.ActiveCfg = Release|Any CPU
		{28D5932A-36D2-4CD0-AACF-C8CCCB8D70E2}.Release|Any CPU.Build.0 = Release|Any CPU
	EndGlobalSection
EndGlobal
